
Microsoft Visual Studio Solution File, Format Version 12.00
# Visual Studio Version 17
VisualStudioVersion = 17.1.31903.286
MinimumVisualStudioVersion = 10.0.40219.1
Project("{FAE04EC0-301F-11D3-BF4B-00C04F79EFBC}") = "three", "three\three.csproj", "{7B6BB5CD-2E17-4579-8510-5CDC529F5CFA}"
EndProject
Global
	GlobalSection(SolutionConfigurationPlatforms) = preSolution
		Debug|Any CPU = Debug|Any CPU
		Release|Any CPU = Release|Any CPU
	EndGlobalSection
	GlobalSection(ProjectConfigurationPlatforms) = postSolution
		{7B6BB5CD-2E17-4579-8510-5CDC529F5CFA}.Debug|Any CPU.ActiveCfg = Debug|Any CPU
		{7B6BB5CD-2E17-4579-8510-5CDC529F5CFA}.Debug|Any CPU.Build.0 = Debug|Any CPU
		{7B6BB5CD-2E17-4579-8510-5CDC529F5CFA}.Release|Any CPU.ActiveCfg = Release|Any CPU
		{7B6BB5CD-2E17-4579-8510-5CDC529F5CFA}.Release|Any CPU.Build.0 = Release|Any CPU
	EndGlobalSection
	GlobalSection(SolutionProperties) = preSolution
		HideSolutionNode = FALSE
	EndGlobalSection
	GlobalSection(ExtensibilityGlobals) = postSolution
		SolutionGuid = {35C2E732-4D0B-471D-83BC-73AC1A9B6D47}
	EndGlobalSection
EndGlobal
